// !$*UTF8*$!
{
	archiveVersion = 1;
	classes = {
	};
	objectVersion = 46;
	objects = {

/* Begin PBXBuildFile section */
		8410E28B1DD209C0003E3511 /* main.m in Sources */ = {isa = PBXBuildFile; fileRef = 8410E28A1DD209C0003E3511 /* main.m */; };
		8410E28E1DD209C0003E3511 /* AppDelegate.m in Sources */ = {isa = PBXBuildFile; fileRef = 8410E28D1DD209C0003E3511 /* AppDelegate.m */; };
		8410E2911DD209C0003E3511 /* ViewController.m in Sources */ = {isa = PBXBuildFile; fileRef = 8410E2901DD209C0003E3511 /* ViewController.m */; };
		8410E2941DD209C0003E3511 /* Main.storyboard in Resources */ = {isa = PBXBuildFile; fileRef = 8410E2921DD209C0003E3511 /* Main.storyboard */; };
		8410E2961DD209C0003E3511 /* Assets.xcassets in Resources */ = {isa = PBXBuildFile; fileRef = 8410E2951DD209C0003E3511 /* Assets.xcassets */; };
		8410E2991DD209C0003E3511 /* LaunchScreen.storyboard in Resources */ = {isa = PBXBuildFile; fileRef = 8410E2971DD209C0003E3511 /* LaunchScreen.storyboard */; };
		8410E2A41DD209C0003E3511 /* scrollViewDemoTests.m in Sources */ = {isa = PBXBuildFile; fileRef = 8410E2A31DD209C0003E3511 /* scrollViewDemoTests.m */; };
		8410E2AF1DD209C0003E3511 /* scrollViewDemoUITests.m in Sources */ = {isa = PBXBuildFile; fileRef = 8410E2AE1DD209C0003E3511 /* scrollViewDemoUITests.m */; };
/* End PBXBuildFile section */

/* Begin PBXContainerItemProxy section */
		8410E2A01DD209C0003E3511 /* PBXContainerItemProxy */ = {
			isa = PBXContainerItemProxy;
			containerPortal = 8410E27E1DD209BF003E3511 /* Project object */;
			proxyType = 1;
			remoteGlobalIDString = 8410E2851DD209BF003E3511;
			remoteInfo = scrollViewDemo;
		};
		8410E2AB1DD209C0003E3511 /* PBXContainerItemProxy */ = {
			isa = PBXContainerItemProxy;
			containerPortal = 8410E27E1DD209BF003E3511 /* Project object */;
			proxyType = 1;
			remoteGlobalIDString = 8410E2851DD209BF003E3511;
			remoteInfo = scrollViewDemo;
		};
/* End PBXContainerItemProxy section */

/* Begin PBXFileReference section */
		8410E2861DD209C0003E3511 /* scrollViewDemo.app */ = {isa = PBXFileReference; explicitFileType = wrapper.application; includeInIndex = 0; path = scrollViewDemo.app; sourceTree = BUILT_PRODUCTS_DIR; };
		8410E28A1DD209C0003E3511 /* main.m */ = {isa = PBXFileReference; lastKnownFileType = sourcecode.c.objc; path = main.m; sourceTree = "<group>"; };
		8410E28C1DD209C0003E3511 /* AppDelegate.h */ = {isa = PBXFileReference; lastKnownFileType = sourcecode.c.h; path = AppDelegate.h; sourceTree = "<group>"; };
		8410E28D1DD209C0003E3511 /* AppDelegate.m */ = {isa = PBXFileReference; lastKnownFileType = sourcecode.c.objc; path = AppDelegate.m; sourceTree = "<group>"; };
		8410E28F1DD209C0003E3511 /* ViewController.h */ = {isa = PBXFileReference; lastKnownFileType = sourcecode.c.h; path = ViewController.h; sourceTree = "<group>"; };
		8410E2901DD209C0003E3511 /* ViewController.m */ = {isa = PBXFileReference; lastKnownFileType = sourcecode.c.objc; path = ViewController.m; sourceTree = "<group>"; };
		8410E2931DD209C0003E3511 /* Base */ = {isa = PBXFileReference; lastKnownFileType = file.storyboard; name = Base; path = Base.lproj/Main.storyboard; sourceTree = "<group>"; };
		8410E2951DD209C0003E3511 /* Assets.xcassets */ = {isa = PBXFileReference; lastKnownFileType = folder.assetcatalog; path = Assets.xcassets; sourceTree = "<group>"; };
		8410E2981DD209C0003E3511 /* Base */ = {isa = PBXFileReference; lastKnownFileType = file.storyboard; name = Base; path = Base.lproj/LaunchScreen.storyboard; sourceTree = "<group>"; };
		8410E29A1DD209C0003E3511 /* Info.plist */ = {isa = PBXFileReference; lastKnownFileType = text.plist.xml; path = Info.plist; sourceTree = "<group>"; };
		8410E29F1DD209C0003E3511 /* scrollViewDemoTests.xctest */ = {isa = PBXFileReference; explicitFileType = wrapper.cfbundle; includeInIndex = 0; path = scrollViewDemoTests.xctest; sourceTree = BUILT_PRODUCTS_DIR; };
		8410E2A31DD209C0003E3511 /* scrollViewDemoTests.m */ = {isa = PBXFileReference; lastKnownFileType = sourcecode.c.objc; path = scrollViewDemoTests.m; sourceTree = "<group>"; };
		8410E2A51DD209C0003E3511 /* Info.plist */ = {isa = PBXFileReference; lastKnownFileType = text.plist.xml; path = Info.plist; sourceTree = "<group>"; };
		8410E2AA1DD209C0003E3511 /* scrollViewDemoUITests.xctest */ = {isa = PBXFileReference; explicitFileType = wrapper.cfbundle; includeInIndex = 0; path = scrollViewDemoUITests.xctest; sourceTree = BUILT_PRODUCTS_DIR; };
		8410E2AE1DD209C0003E3511 /* scrollViewDemoUITests.m */ = {isa = PBXFileReference; lastKnownFileType = sourcecode.c.objc; path = scrollViewDemoUITests.m; sourceTree = "<group>"; };
		8410E2B01DD209C0003E3511 /* Info.plist */ = {isa = PBXFileReference; lastKnownFileType = text.plist.xml; path = Info.plist; sourceTree = "<group>"; };
/* End PBXFileReference section */

/* Begin PBXFrameworksBuildPhase section */
		8410E2831DD209BF003E3511 /* Frameworks */ = {
			isa = PBXFrameworksBuildPhase;
			buildActionMask = 2147483647;
			files = (
			);
			runOnlyForDeploymentPostprocessing = 0;
		};
		8410E29C1DD209C0003E3511 /* Frameworks */ = {
			isa = PBXFrameworksBuildPhase;
			buildActionMask = 2147483647;
			files = (
			);
			runOnlyForDeploymentPostprocessing = 0;
		};
		8410E2A71DD209C0003E3511 /* Frameworks */ = {
			isa = PBXFrameworksBuildPhase;
			buildActionMask = 2147483647;
			files = (
			);
			runOnlyForDeploymentPostprocessing = 0;
		};
/* End PBXFrameworksBuildPhase section */

/* Begin PBXGroup section */
		8410E27D1DD209BF003E3511 = {
			isa = PBXGroup;
			children = (
				8410E2881DD209C0003E3511 /* scrollViewDemo */,
				8410E2A21DD209C0003E3511 /* scrollViewDemoTests */,
				8410E2AD1DD209C0003E3511 /* scrollViewDemoUITests */,
				8410E2871DD209C0003E3511 /* Products */,
			);
			sourceTree = "<group>";
		};
		8410E2871DD209C0003E3511 /* Products */ = {
			isa = PBXGroup;
			children = (
				8410E2861DD209C0003E3511 /* scrollViewDemo.app */,
				8410E29F1DD209C0003E3511 /* scrollViewDemoTests.xctest */,
				8410E2AA1DD209C0003E3511 /* scrollViewDemoUITests.xctest */,
			);
			name = Products;
			sourceTree = "<group>";
		};
		8410E2881DD209C0003E3511 /* scrollViewDemo */ = {
			isa = PBXGroup;
			children = (
				8410E28C1DD209C0003E3511 /* AppDelegate.h */,
				8410E28D1DD209C0003E3511 /* AppDelegate.m */,
				8410E28F1DD209C0003E3511 /* ViewController.h */,
				8410E2901DD209C0003E3511 /* ViewController.m */,
				8410E2921DD209C0003E3511 /* Main.storyboard */,
				8410E2951DD209C0003E3511 /* Assets.xcassets */,
				8410E2971DD209C0003E3511 /* LaunchScreen.storyboard */,
				8410E29A1DD209C0003E3511 /* Info.plist */,
				8410E2891DD209C0003E3511 /* Supporting Files */,
			);
			path = scrollViewDemo;
			sourceTree = "<group>";
		};
		8410E2891DD209C0003E3511 /* Supporting Files */ = {
			isa = PBXGroup;
			children = (
				8410E28A1DD209C0003E3511 /* main.m */,
			);
			name = "Supporting Files";
			sourceTree = "<group>";
		};
		8410E2A21DD209C0003E3511 /* scrollViewDemoTests */ = {
			isa = PBXGroup;
			children = (
				8410E2A31DD209C0003E3511 /* scrollViewDemoTests.m */,
				8410E2A51DD209C0003E3511 /* Info.plist */,
			);
			path = scrollViewDemoTests;
			sourceTree = "<group>";
		};
		8410E2AD1DD209C0003E3511 /* scrollViewDemoUITests */ = {
			isa = PBXGroup;
			children = (
				8410E2AE1DD209C0003E3511 /* scrollViewDemoUITests.m */,
				8410E2B01DD209C0003E3511 /* Info.plist */,
			);
			path = scrollViewDemoUITests;
			sourceTree = "<group>";
		};
/* End PBXGroup section */

/* Begin PBXNativeTarget section */
		8410E2851DD209BF003E3511 /* scrollViewDemo */ = {
			isa = PBXNativeTarget;
			buildConfigurationList = 8410E2B31DD209C0003E3511 /* Build configuration list for PBXNativeTarget "scrollViewDemo" */;
			buildPhases = (
				8410E2821DD209BF003E3511 /* Sources */,
				8410E2831DD209BF003E3511 /* Frameworks */,
				8410E2841DD209BF003E3511 /* Resources */,
			);
			buildRules = (
			);
			dependencies = (
			);
			name = scrollViewDemo;
			productName = scrollViewDemo;
			productReference = 8410E2861DD209C0003E3511 /* scrollViewDemo.app */;
			productType = "com.apple.product-type.application";
		};
		8410E29E1DD209C0003E3511 /* scrollViewDemoTests */ = {
			isa = PBXNativeTarget;
			buildConfigurationList = 8410E2B61DD209C0003E3511 /* Build configuration list for PBXNativeTarget "scrollViewDemoTests" */;
			buildPhases = (
				8410E29B1DD209C0003E3511 /* Sources */,
				8410E29C1DD209C0003E3511 /* Frameworks */,
				8410E29D1DD209C0003E3511 /* Resources */,
			);
			buildRules = (
			);
			dependencies = (
				8410E2A11DD209C0003E3511 /* PBXTargetDependency */,
			);
			name = scrollViewDemoTests;
			productName = scrollViewDemoTests;
			productReference = 8410E29F1DD209C0003E3511 /* scrollViewDemoTests.xctest */;
			productType = "com.apple.product-type.bundle.unit-test";
		};
		8410E2A91DD209C0003E3511 /* scrollViewDemoUITests */ = {
			isa = PBXNativeTarget;
			buildConfigurationList = 8410E2B91DD209C0003E3511 /* Build configuration list for PBXNativeTarget "scrollViewDemoUITests" */;
			buildPhases = (
				8410E2A61DD209C0003E3511 /* Sources */,
				8410E2A71DD209C0003E3511 /* Frameworks */,
				8410E2A81DD209C0003E3511 /* Resources */,
			);
			buildRules = (
			);
			dependencies = (
				8410E2AC1DD209C0003E3511 /* PBXTargetDependency */,
			);
			name = scrollViewDemoUITests;
			productName = scrollViewDemoUITests;
			productReference = 8410E2AA1DD209C0003E3511 /* scrollViewDemoUITests.xctest */;
			productType = "com.apple.product-type.bundle.ui-testing";
		};
/* End PBXNativeTarget section */

/* Begin PBXProject section */
		8410E27E1DD209BF003E3511 /* Project object */ = {
			isa = PBXProject;
			attributes = {
				LastUpgradeCheck = 0800;
				ORGANIZATIONNAME = ma;
				TargetAttributes = {
					8410E2851DD209BF003E3511 = {
						CreatedOnToolsVersion = 8.0;
						ProvisioningStyle = Automatic;
					};
					8410E29E1DD209C0003E3511 = {
						CreatedOnToolsVersion = 8.0;
						ProvisioningStyle = Automatic;
						TestTargetID = 8410E2851DD209BF003E3511;
					};
					8410E2A91DD209C0003E3511 = {
						CreatedOnToolsVersion = 8.0;
						ProvisioningStyle = Automatic;
						TestTargetID = 8410E2851DD209BF003E3511;
					};
				};
			};
			buildConfigurationList = 8410E2811DD209BF003E3511 /* Build configuration list for PBXProject "scrollViewDemo" */;
			compatibilityVersion = "Xcode 3.2";
			developmentRegion = English;
			hasScannedForEncodings = 0;
			knownRegions = (
				en,
				Base,
			);
			mainGroup = 8410E27D1DD209BF003E3511;
			productRefGroup = 8410E2871DD209C0003E3511 /* Products */;
			projectDirPath = "";
			projectRoot = "";
			targets = (
				8410E2851DD209BF003E3511 /* scrollViewDemo */,
				8410E29E1DD209C0003E3511 /* scrollViewDemoTests */,
				8410E2A91DD209C0003E3511 /* scrollViewDemoUITests */,
			);
		};
/* End PBXProject section */

/* Begin PBXResourcesBuildPhase section */
		8410E2841DD209BF003E3511 /* Resources */ = {
			isa = PBXResourcesBuildPhase;
			buildActionMask = 2147483647;
			files = (
				8410E2991DD209C0003E3511 /* LaunchScreen.storyboard in Resources */,
				8410E2961DD209C0003E3511 /* Assets.xcassets in Resources */,
				8410E2941DD209C0003E3511 /* Main.storyboard in Resources */,
			);
			runOnlyForDeploymentPostprocessing = 0;
		};
		8410E29D1DD209C0003E3511 /* Resources */ = {
			isa = PBXResourcesBuildPhase;
			buildActionMask = 2147483647;
			files = (
			);
			runOnlyForDeploymentPostprocessing = 0;
		};
		8410E2A81DD209C0003E3511 /* Resources */ = {
			isa = PBXResourcesBuildPhase;
			buildActionMask = 2147483647;
			files = (
			);
			runOnlyForDeploymentPostprocessing = 0;
		};
/* End PBXResourcesBuildPhase section */

/* Begin PBXSourcesBuildPhase section */
		8410E2821DD209BF003E3511 /* Sources */ = {
			isa = PBXSourcesBuildPhase;
			buildActionMask = 2147483647;
			files = (
				8410E2911DD209C0003E3511 /* ViewController.m in Sources */,
				8410E28E1DD209C0003E3511 /* AppDelegate.m in Sources */,
				8410E28B1DD209C0003E3511 /* main.m in Sources */,
			);
			runOnlyForDeploymentPostprocessing = 0;
		};
		8410E29B1DD209C0003E3511 /* Sources */ = {
			isa = PBXSourcesBuildPhase;
			buildActionMask = 2147483647;
			files = (
				8410E2A41DD209C0003E3511 /* scrollViewDemoTests.m in Sources */,
			);
			runOnlyForDeploymentPostprocessing = 0;
		};
		8410E2A61DD209C0003E3511 /* Sources */ = {
			isa = PBXSourcesBuildPhase;
			buildActionMask = 2147483647;
			files = (
				8410E2AF1DD209C0003E3511 /* scrollViewDemoUITests.m in Sources */,
			);
			runOnlyForDeploymentPostprocessing = 0;
		};
/* End PBXSourcesBuildPhase section */

/* Begin PBXTargetDependency section */
		8410E2A11DD209C0003E3511 /* PBXTargetDependency */ = {
			isa = PBXTargetDependency;
			target = 8410E2851DD209BF003E3511 /* scrollViewDemo */;
			targetProxy = 8410E2A01DD209C0003E3511 /* PBXContainerItemProxy */;
		};
		8410E2AC1DD209C0003E3511 /* PBXTargetDependency */ = {
			isa = PBXTargetDependency;
			target = 8410E2851DD209BF003E3511 /* scrollViewDemo */;
			targetProxy = 8410E2AB1DD209C0003E3511 /* PBXContainerItemProxy */;
		};
/* End PBXTargetDependency section */

/* Begin PBXVariantGroup section */
		8410E2921DD209C0003E3511 /* Main.storyboard */ = {
			isa = PBXVariantGroup;
			children = (
				8410E2931DD209C0003E3511 /* Base */,
			);
			name = Main.storyboard;
			sourceTree = "<group>";
		};
		8410E2971DD209C0003E3511 /* LaunchScreen.storyboard */ = {
			isa = PBXVariantGroup;
			children = (
				8410E2981DD209C0003E3511 /* Base */,
			);
			name = LaunchScreen.storyboard;
			sourceTree = "<group>";
		};
/* End PBXVariantGroup section */

/* Begin XCBuildConfiguration section */
		8410E2B11DD209C0003E3511 /* Debug */ = {
			isa = XCBuildConfiguration;
			buildSettings = {
				ALWAYS_SEARCH_USER_PATHS = NO;
				CLANG_ANALYZER_NONNULL = YES;
				CLANG_CXX_LANGUAGE_STANDARD = "gnu++0x";
				CLANG_CXX_LIBRARY = "libc++";
				CLANG_ENABLE_MODULES = YES;
				CLANG_ENABLE_OBJC_ARC = YES;
				CLANG_WARN_BOOL_CONVERSION = YES;
				CLANG_WARN_CONSTANT_CONVERSION = YES;
				CLANG_WARN_DIRECT_OBJC_ISA_USAGE = YES_ERROR;
				CLANG_WARN_DOCUMENTATION_COMMENTS = YES;
				CLANG_WARN_EMPTY_BODY = YES;
				CLANG_WARN_ENUM_CONVERSION = YES;
				CLANG_WARN_INFINITE_RECURSION = YES;
				CLANG_WARN_INT_CONVERSION = YES;
				CLANG_WARN_OBJC_ROOT_CLASS = YES_ERROR;
				CLANG_WARN_SUSPICIOUS_MOVES = YES;
				CLANG_WARN_UNREACHABLE_CODE = YES;
				CLANG_WARN__DUPLICATE_METHOD_MATCH = YES;
				"CODE_SIGN_IDENTITY[sdk=iphoneos*]" = "iPhone Developer";
				COPY_PHASE_STRIP = NO;
				DEBUG_INFORMATION_FORMAT = dwarf;
				ENABLE_STRICT_OBJC_MSGSEND = YES;
				ENABLE_TESTABILITY = YES;
				GCC_C_LANGUAGE_STANDARD = gnu99;
				GCC_DYNAMIC_NO_PIC = NO;
				GCC_NO_COMMON_BLOCKS = YES;
				GCC_OPTIMIZATION_LEVEL = 0;
				GCC_PREPROCESSOR_DEFINITIONS = (
					"DEBUG=1",
					"$(inherited)",
				);
				GCC_WARN_64_TO_32_BIT_CONVERSION = YES;
				GCC_WARN_ABOUT_RETURN_TYPE = YES_ERROR;
				GCC_WARN_UNDECLARED_SELECTOR = YES;
				GCC_WARN_UNINITIALIZED_AUTOS = YES_AGGRESSIVE;
				GCC_WARN_UNUSED_FUNCTION = YES;
				GCC_WARN_UNUSED_VARIABLE = YES;
				IPHONEOS_DEPLOYMENT_TARGET = 10.0;
				MTL_ENABLE_DEBUG_INFO = YES;
				ONLY_ACTIVE_ARCH = YES;
				SDKROOT = iphoneos;
			};
			name = Debug;
		};
		8410E2B21DD209C0003E3511 /* Release */ = {
			isa = XCBuildConfiguration;
			buildSettings = {
				ALWAYS_SEARCH_USER_PATHS = NO;
				CLANG_ANALYZER_NONNULL = YES;
				CLANG_CXX_LANGUAGE_STANDARD = "gnu++0x";
				CLANG_CXX_LIBRARY = "libc++";
				CLANG_ENABLE_MODULES = YES;
				CLANG_ENABLE_OBJC_ARC = YES;
				CLANG_WARN_BOOL_CONVERSION = YES;
				CLANG_WARN_CONSTANT_CONVERSION = YES;
				CLANG_WARN_DIRECT_OBJC_ISA_USAGE = YES_ERROR;
				CLANG_WARN_DOCUMENTATION_COMMENTS = YES;
				CLANG_WARN_EMPTY_BODY = YES;
				CLANG_WARN_ENUM_CONVERSION = YES;
				CLANG_WARN_INFINITE_RECURSION = YES;
				CLANG_WARN_INT_CONVERSION = YES;
				CLANG_WARN_OBJC_ROOT_CLASS = YES_ERROR;
				CLANG_WARN_SUSPICIOUS_MOVES = YES;
				CLANG_WARN_UNREACHABLE_CODE = YES;
				CLANG_WARN__DUPLICATE_METHOD_MATCH = YES;
				"CODE_SIGN_IDENTITY[sdk=iphoneos*]" = "iPhone Developer";
				COPY_PHASE_STRIP = NO;
				DEBUG_INFORMATION_FORMAT = "dwarf-with-dsym";
				ENABLE_NS_ASSERTIONS = NO;
				ENABLE_STRICT_OBJC_MSGSEND = YES;
				GCC_C_LANGUAGE_STANDARD = gnu99;
				GCC_NO_COMMON_BLOCKS = YES;
				GCC_WARN_64_TO_32_BIT_CONVERSION = YES;
				GCC_WARN_ABOUT_RETURN_TYPE = YES_ERROR;
				GCC_WARN_UNDECLARED_SELECTOR = YES;
				GCC_WARN_UNINITIALIZED_AUTOS = YES_AGGRESSIVE;
				GCC_WARN_UNUSED_FUNCTION = YES;
				GCC_WARN_UNUSED_VARIABLE = YES;
				IPHONEOS_DEPLOYMENT_TARGET = 10.0;
				MTL_ENABLE_DEBUG_INFO = NO;
				SDKROOT = iphoneos;
				VALIDATE_PRODUCT = YES;
			};
			name = Release;
		};
		8410E2B41DD209C0003E3511 /* Debug */ = {
			isa = XCBuildConfiguration;
			buildSettings = {
				ASSETCATALOG_COMPILER_APPICON_NAME = AppIcon;
				INFOPLIST_FILE = scrollViewDemo/Info.plist;
				LD_RUNPATH_SEARCH_PATHS = "$(inherited) @executable_path/Frameworks";
				PRODUCT_BUNDLE_IDENTIFIER = com.ma.scrollViewDemo;
				PRODUCT_NAME = "$(TARGET_NAME)";
			};
			name = Debug;
		};
		8410E2B51DD209C0003E3511 /* Release */ = {
			isa = XCBuildConfiguration;
			buildSettings = {
				ASSETCATALOG_COMPILER_APPICON_NAME = AppIcon;
				INFOPLIST_FILE = scrollViewDemo/Info.plist;
				LD_RUNPATH_SEARCH_PATHS = "$(inherited) @executable_path/Frameworks";
				PRODUCT_BUNDLE_IDENTIFIER = com.ma.scrollViewDemo;
				PRODUCT_NAME = "$(TARGET_NAME)";
			};
			name = Release;
		};
		8410E2B71DD209C0003E3511 /* Debug */ = {
			isa = XCBuildConfiguration;
			buildSettings = {
				BUNDLE_LOADER = "$(TEST_HOST)";
				INFOPLIST_FILE = scrollViewDemoTests/Info.plist;
				LD_RUNPATH_SEARCH_PATHS = "$(inherited) @executable_path/Frameworks @loader_path/Frameworks";
				PRODUCT_BUNDLE_IDENTIFIER = com.ma.scrollViewDemoTests;
				PRODUCT_NAME = "$(TARGET_NAME)";
				TEST_HOST = "$(BUILT_PRODUCTS_DIR)/scrollViewDemo.app/scrollViewDemo";
			};
			name = Debug;
		};
		8410E2B81DD209C0003E3511 /* Release */ = {
			isa = XCBuildConfiguration;
			buildSettings = {
				BUNDLE_LOADER = "$(TEST_HOST)";
				INFOPLIST_FILE = scrollViewDemoTests/Info.plist;
				LD_RUNPATH_SEARCH_PATHS = "$(inherited) @executable_path/Frameworks @loader_path/Frameworks";
				PRODUCT_BUNDLE_IDENTIFIER = com.ma.scrollViewDemoTests;
				PRODUCT_NAME = "$(TARGET_NAME)";
				TEST_HOST = "$(BUILT_PRODUCTS_DIR)/scrollViewDemo.app/scrollViewDemo";
			};
			name = Release;
		};
		8410E2BA1DD209C0003E3511 /* Debug */ = {
			isa = XCBuildConfiguration;
			buildSettings = {
				INFOPLIST_FILE = scrollViewDemoUITests/Info.plist;
				LD_RUNPATH_SEARCH_PATHS = "$(inherited) @executable_path/Frameworks @loader_path/Frameworks";
				PRODUCT_BUNDLE_IDENTIFIER = com.ma.scrollViewDemoUITests;
				PRODUCT_NAME = "$(TARGET_NAME)";
				TEST_TARGET_NAME = scrollViewDemo;
			};
			name = Debug;
		};
		8410E2BB1DD209C0003E3511 /* Release */ = {
			isa = XCBuildConfiguration;
			buildSettings = {
				INFOPLIST_FILE = scrollViewDemoUITests/Info.plist;
				LD_RUNPATH_SEARCH_PATHS = "$(inherited) @executable_path/Frameworks @loader_path/Frameworks";
				PRODUCT_BUNDLE_IDENTIFIER = com.ma.scrollViewDemoUITests;
				PRODUCT_NAME = "$(TARGET_NAME)";
				TEST_TARGET_NAME = scrollViewDemo;
			};
			name = Release;
		};
/* End XCBuildConfiguration section */

/* Begin XCConfigurationList section */
		8410E2811DD209BF003E3511 /* Build configuration list for PBXProject "scrollViewDemo" */ = {
			isa = XCConfigurationList;
			buildConfigurations = (
				8410E2B11DD209C0003E3511 /* Debug */,
				8410E2B21DD209C0003E3511 /* Release */,
			);
			defaultConfigurationIsVisible = 0;
			defaultConfigurationName = Release;
		};
		8410E2B31DD209C0003E3511 /* Build configuration list for PBXNativeTarget "scrollViewDemo" */ = {
			isa = XCConfigurationList;
			buildConfigurations = (
				8410E2B41DD209C0003E3511 /* Debug */,
				8410E2B51DD209C0003E3511 /* Release */,
			);
			defaultConfigurationIsVisible = 0;
		};
		8410E2B61DD209C0003E3511 /* Build configuration list for PBXNativeTarget "scrollViewDemoTests" */ = {
			isa = XCConfigurationList;
			buildConfigurations = (
				8410E2B71DD209C0003E3511 /* Debug */,
				8410E2B81DD209C0003E3511 /* Release */,
			);
			defaultConfigurationIsVisible = 0;
		};
		8410E2B91DD209C0003E3511 /* Build configuration list for PBXNativeTarget "scrollViewDemoUITests" */ = {
			isa = XCConfigurationList;
			buildConfigurations = (
				8410E2BA1DD209C0003E3511 /* Debug */,
				8410E2BB1DD209C0003E3511 /* Release */,
			);
			defaultConfigurationIsVisible = 0;
		};
/* End XCConfigurationList section */
	};
	rootObject = 8410E27E1DD209BF003E3511 /* Project object */;
}
